
Microsoft Visual Studio Solution File, Format Version 12.00
# Visual Studio Version 16
VisualStudioVersion = 16.0.31402.337
MinimumVisualStudioVersion = 10.0.40219.1
Project("{FAE04EC0-301F-11D3-BF4B-00C04F79EFBC}") = "misa.timesheet.api.mf938", "misa.timesheet.api.mf938\misa.timesheet.api.mf938.csproj", "{F31962FD-FEA4-457E-AD97-6B81663EF78C}"
EndProject
Project("{FAE04EC0-301F-11D3-BF4B-00C04F79EFBC}") = "misa.timesheet.core", "misa.timesheet.core\misa.timesheet.core.csproj", "{CBF2E3CD-8EE8-49C0-8DE1-657455EBC3EC}"
EndProject
Project("{FAE04EC0-301F-11D3-BF4B-00C04F79EFBC}") = "misa.timesheet.infrastructure", "misa.timesheet.infrastructure\misa.timesheet.infrastructure.csproj", "{C572B27B-02AD-47A7-AB1F-AF82C0587275}"
EndProject
Global
	GlobalSection(SolutionConfigurationPlatforms) = preSolution
		Debug|Any CPU = Debug|Any CPU
		Release|Any CPU = Release|Any CPU
	EndGlobalSection
	GlobalSection(ProjectConfigurationPlatforms) = postSolution
		{F31962FD-FEA4-457E-AD97-6B81663EF78C}.Debug|Any CPU.ActiveCfg = Debug|Any CPU
		{F31962FD-FEA4-457E-AD97-6B81663EF78C}.Debug|Any CPU.Build.0 = Debug|Any CPU
		{F31962FD-FEA4-457E-AD97-6B81663EF78C}.Release|Any CPU.ActiveCfg = Release|Any CPU
		{F31962FD-FEA4-457E-AD97-6B81663EF78C}.Release|Any CPU.Build.0 = Release|Any CPU
		{CBF2E3CD-8EE8-49C0-8DE1-657455EBC3EC}.Debug|Any CPU.ActiveCfg = Debug|Any CPU
		{CBF2E3CD-8EE8-49C0-8DE1-657455EBC3EC}.Debug|Any CPU.Build.0 = Debug|Any CPU
		{CBF2E3CD-8EE8-49C0-8DE1-657455EBC3EC}.Release|Any CPU.ActiveCfg = Release|Any CPU
		{CBF2E3CD-8EE8-49C0-8DE1-657455EBC3EC}.Release|Any CPU.Build.0 = Release|Any CPU
		{C572B27B-02AD-47A7-AB1F-AF82C0587275}.Debug|Any CPU.ActiveCfg = Debug|Any CPU
		{C572B27B-02AD-47A7-AB1F-AF82C0587275}.Debug|Any CPU.Build.0 = Debug|Any CPU
		{C572B27B-02AD-47A7-AB1F-AF82C0587275}.Release|Any CPU.ActiveCfg = Release|Any CPU
		{C572B27B-02AD-47A7-AB1F-AF82C0587275}.Release|Any CPU.Build.0 = Release|Any CPU
	EndGlobalSection
	GlobalSection(SolutionProperties) = preSolution
		HideSolutionNode = FALSE
	EndGlobalSection
	GlobalSection(ExtensibilityGlobals) = postSolution
		SolutionGuid = {DC3A0677-EC75-4C40-9976-61649545298C}
	EndGlobalSection
EndGlobal
